PODS:
  - CoreDataNotification (0.1.0):
    - CoreDataNotification/Core (= 0.1.0)
  - CoreDataNotification/Core (0.1.0)
  - CoreDataNotification/RxSwift (0.1.0):
    - CoreDataNotification/Core
    - RxSwift (~> 3.0)
  - RxSwift (3.0.1)

DEPENDENCIES:
  - CoreDataNotification (from `../`)
  - CoreDataNotification/RxSwift (from `../`)

EXTERNAL SOURCES:
  CoreDataNotification:
    :path: "../"

SPEC CHECKSUMS:
  CoreDataNotification: 050cd0bfc9a64dc1859ec60b0a0d96b56081e8b1
  RxSwift: af5680055c4ad04480189c52d28385b1029493a6

PODFILE CHECKSUM: 526545f0c4c49a03a9e54f4f0cd8435b5ec85cd5

COCOAPODS: 1.2.0.beta.1
